// !$*UTF8*$!
{
	archiveVersion = 1;
	classes = {
	};
	objectVersion = 110;
	objects = {

/* Begin PBXContainerItemProxy section */
		526687603000D126004F17E5 /* PBXContainerItemProxy */ = {
			isa = PBXContainerItemProxy;
			containerPortal = 526687413000D125004F17E5 /* Project object */;
			proxyType = 1;
			remoteGlobalIDString = 526687483000D125004F17E5;
			remoteInfo = KliqLoanApp;
		};
		5266876A3000D126004F17E5 /* PBXContainerItemProxy */ = {
			isa = PBXContainerItemProxy;
			containerPortal = 526687413000D125004F17E5 /* Project object */;
			proxyType = 1;
			remoteGlobalIDString = 526687483000D125004F17E5;
			remoteInfo = KliqLoanApp;
		};
/* End PBXContainerItemProxy section */

/* Begin PBXFileReference section */
		526687493000D125004F17E5 /* KliqLoanApp.app */ = {isa = PBXFileReference; explicitFileType = wrapper.application; includeInIndex = 0; path = KliqLoanApp.app; sourceTree = BUILT_PRODUCTS_DIR; };
		5266875F3000D126004F17E5 /* KliqLoanAppTests.xctest */ = {isa = PBXFileReference; explicitFileType = wrapper.cfbundle; includeInIndex = 0; path = KliqLoanAppTests.xctest; sourceTree = BUILT_PRODUCTS_DIR; };
		526687693000D126004F17E5 /* KliqLoanAppUITests.xctest */ = {isa = PBXFileReference; explicitFileType = wrapper.cfbundle; includeInIndex = 0; path = KliqLoanAppUITests.xctest; sourceTree = BUILT_PRODUCTS_DIR; };
/* End PBXFileReference section */

/* Begin PBXFileSystemSynchronizedBuildFileExceptionSet section */
		5266876F3000D126004F17E5 /* Exceptions for "KliqLoanApp" folder in "KliqLoanApp" target */ = {
			isa = PBXFileSystemSynchronizedBuildFileExceptionSet;
			membershipExceptions = (
				Info.plist,
			);
			target = 526687483000D125004F17E5 /* KliqLoanApp */;
		};
/* End PBXFileSystemSynchronizedBuildFileExceptionSet section */

/* Begin PBXFileSystemSynchronizedRootGroup section */
		5266874B3000D125004F17E5 /* KliqLoanApp */ = {
			isa = PBXFileSystemSynchronizedRootGroup;
			exceptions = (
				5266876F3000D126004F17E5 /* Exceptions for "KliqLoanApp" folder in "KliqLoanApp" target */,
			);
			path = KliqLoanApp;
			sourceTree = "<group>";
		};
		526687623000D126004F17E5 /* KliqLoanAppTests */ = {
			isa = PBXFileSystemSynchronizedRootGroup;
			path = KliqLoanAppTests;
			sourceTree = "<group>";
		};
		5266876C3000D126004F17E5 /* KliqLoanAppUITests */ = {
			isa = PBXFileSystemSynchronizedRootGroup;
			path = KliqLoanAppUITests;
			sourceTree = "<group>";
		};
/* End PBXFileSystemSynchronizedRootGroup section */

/* Begin PBXFrameworksBuildPhase section */
		526687463000D125004F17E5 /* Frameworks */ = {
			isa = PBXFrameworksBuildPhase;
			files = (
			);
		};
		5266875C3000D126004F17E5 /* Frameworks */ = {
			isa = PBXFrameworksBuildPhase;
			files = (
			);
		};
		526687663000D126004F17E5 /* Frameworks */ = {
			isa = PBXFrameworksBuildPhase;
			files = (
			);
		};
/* End PBXFrameworksBuildPhase section */

/* Begin PBXGroup section */
		526687403000D125004F17E5 = {
			isa = PBXGroup;
			children = (
				5266874B3000D125004F17E5 /* KliqLoanApp */,
				526687623000D126004F17E5 /* KliqLoanAppTests */,
				5266876C3000D126004F17E5 /* KliqLoanAppUITests */,
				5266874A3000D125004F17E5 /* Products */,
			);
			sourceTree = "<group>";
		};
		5266874A3000D125004F17E5 /* Products */ = {
			isa = PBXGroup;
			children = (
				526687493000D125004F17E5 /* KliqLoanApp.app */,
				5266875F3000D126004F17E5 /* KliqLoanAppTests.xctest */,
				526687693000D126004F17E5 /* KliqLoanAppUITests.xctest */,
			);
			name = Products;
			sourceTree = "<group>";
		};
/* End PBXGroup section */

/* Begin PBXNativeTarget section */
		526687483000D125004F17E5 /* KliqLoanApp */ = {
			isa = PBXNativeTarget;
			buildConfigurationList = 526687703000D126004F17E5 /* Build configuration list for PBXNativeTarget "KliqLoanApp" */;
			buildPhases = (
				526687CE3000F779004F17E5 /* Swiftlint Run Script */,
				526687453000D125004F17E5 /* Sources */,
				526687463000D125004F17E5 /* Frameworks */,
				526687473000D125004F17E5 /* Resources */,
			);
			buildRules = (
			);
			fileSystemSynchronizedGroups = (
				5266874B3000D125004F17E5 /* KliqLoanApp */,
			);
			name = KliqLoanApp;
			productName = KliqLoanApp;
			productReference = 526687493000D125004F17E5 /* KliqLoanApp.app */;
			productType = "com.apple.product-type.application";
		};
		5266875E3000D126004F17E5 /* KliqLoanAppTests */ = {
			isa = PBXNativeTarget;
			buildConfigurationList = 526687753000D126004F17E5 /* Build configuration list for PBXNativeTarget "KliqLoanAppTests" */;
			buildPhases = (
				5266875B3000D126004F17E5 /* Sources */,
				5266875C3000D126004F17E5 /* Frameworks */,
				5266875D3000D126004F17E5 /* Resources */,
			);
			buildRules = (
			);
			dependencies = (
				526687613000D126004F17E5 /* PBXTargetDependency */,
			);
			fileSystemSynchronizedGroups = (
				526687623000D126004F17E5 /* KliqLoanAppTests */,
			);
			name = KliqLoanAppTests;
			productName = KliqLoanAppTests;
			productReference = 5266875F3000D126004F17E5 /* KliqLoanAppTests.xctest */;
			productType = "com.apple.product-type.bundle.unit-test";
		};
		526687683000D126004F17E5 /* KliqLoanAppUITests */ = {
			isa = PBXNativeTarget;
			buildConfigurationList = 526687783000D126004F17E5 /* Build configuration list for PBXNativeTarget "KliqLoanAppUITests" */;
			buildPhases = (
				526687653000D126004F17E5 /* Sources */,
				526687663000D126004F17E5 /* Frameworks */,
				526687673000D126004F17E5 /* Resources */,
			);
			buildRules = (
			);
			dependencies = (
				5266876B3000D126004F17E5 /* PBXTargetDependency */,
			);
			fileSystemSynchronizedGroups = (
				5266876C3000D126004F17E5 /* KliqLoanAppUITests */,
			);
			name = KliqLoanAppUITests;
			productName = KliqLoanAppUITests;
			productReference = 526687693000D126004F17E5 /* KliqLoanAppUITests.xctest */;
			productType = "com.apple.product-type.bundle.ui-testing";
		};
/* End PBXNativeTarget section */

/* Begin PBXProject section */
		526687413000D125004F17E5 /* Project object */ = {
			isa = PBXProject;
			attributes = {
				BuildIndependentTargetsInParallel = 1;
				LastSwiftUpdateCheck = 2700;
				LastUpgradeCheck = 2700;
				TargetAttributes = {
					526687483000D125004F17E5 = {
						CreatedOnToolsVersion = 27.0;
					};
					5266875E3000D126004F17E5 = {
						CreatedOnToolsVersion = 27.0;
						TestTargetID = 526687483000D125004F17E5;
					};
					526687683000D126004F17E5 = {
						CreatedOnToolsVersion = 27.0;
						TestTargetID = 526687483000D125004F17E5;
					};
				};
			};
			buildConfigurationList = 526687443000D125004F17E5 /* Build configuration list for PBXProject "KliqLoanApp" */;
			developmentRegion = en;
			hasScannedForEncodings = 0;
			knownRegions = (
				en,
				Base,
			);
			mainGroup = 526687403000D125004F17E5;
			minimizedProjectReferenceProxies = 1;
			preferredProjectObjectVersion = 77;
			productRefGroup = 5266874A3000D125004F17E5 /* Products */;
			projectDirPath = "";
			projectRoot = "";
			targets = (
				526687483000D125004F17E5 /* KliqLoanApp */,
				5266875E3000D126004F17E5 /* KliqLoanAppTests */,
				526687683000D126004F17E5 /* KliqLoanAppUITests */,
			);
		};
/* End PBXProject section */

/* Begin PBXResourcesBuildPhase section */
		526687473000D125004F17E5 /* Resources */ = {
			isa = PBXResourcesBuildPhase;
			files = (
			);
		};
		5266875D3000D126004F17E5 /* Resources */ = {
			isa = PBXResourcesBuildPhase;
			files = (
			);
		};
		526687673000D126004F17E5 /* Resources */ = {
			isa = PBXResourcesBuildPhase;
			files = (
			);
		};
/* End PBXResourcesBuildPhase section */

/* Begin PBXShellScriptBuildPhase section */
		526687CE3000F779004F17E5 /* Swiftlint Run Script */ = {
			isa = PBXShellScriptBuildPhase;
			name = "Swiftlint Run Script";
			shellPath = /bin/sh;
			shellScript = (
				"# Type a script or drag a script file from your workspace to insert its path.",
				"set -euo pipefail",
				"cd \"${PROJECT_DIR}\"",
				"export DEVELOPER_DIR=\"/Applications/Xcode.app/Contents/Developer\"",
				"if [[ \"$(uname -m)\" == \"arm64\" ]]; then",
				"  export PATH=\"/opt/homebrew/bin:$PATH\"",
				"else",
				"  export PATH=\"/usr/local/bin:$PATH\"",
				"fi",
				"if command -v swiftlint >/dev/null 2>&1; then",
				"  swiftlint lint --config \"${PROJECT_DIR}/.swiftlint.yml\"",
				"else",
				"  echo \"warning: SwiftLint not installed. Run: brew install swiftlint\"",
				"fi",
				"",
			);
		};
/* End PBXShellScriptBuildPhase section */

/* Begin PBXSourcesBuildPhase section */
		526687453000D125004F17E5 /* Sources */ = {
			isa = PBXSourcesBuildPhase;
			files = (
			);
		};
		5266875B3000D126004F17E5 /* Sources */ = {
			isa = PBXSourcesBuildPhase;
			files = (
			);
		};
		526687653000D126004F17E5 /* Sources */ = {
			isa = PBXSourcesBuildPhase;
			files = (
			);
		};
/* End PBXSourcesBuildPhase section */

/* Begin PBXTargetDependency section */
		526687613000D126004F17E5 /* PBXTargetDependency */ = {
			isa = PBXTargetDependency;
			target = 526687483000D125004F17E5 /* KliqLoanApp */;
			targetProxy = 526687603000D126004F17E5 /* PBXContainerItemProxy */;
		};
		5266876B3000D126004F17E5 /* PBXTargetDependency */ = {
			isa = PBXTargetDependency;
			target = 526687483000D125004F17E5 /* KliqLoanApp */;
			targetProxy = 5266876A3000D126004F17E5 /* PBXContainerItemProxy */;
		};
/* End PBXTargetDependency section */

/* Begin XCBuildConfiguration section */
		526687713000D126004F17E5 /* Debug configuration for PBXNativeTarget "KliqLoanApp" */ = {
			isa = XCBuildConfiguration;
			buildSettings = {
				ASSETCATALOG_COMPILER_APPICON_NAME = AppIcon;
				ASSETCATALOG_COMPILER_GLOBAL_ACCENT_COLOR_NAME = AccentColor;
				CODE_SIGN_STYLE = Automatic;
				CURRENT_PROJECT_VERSION = 1;
				DEVELOPMENT_TEAM = QX735LV746;
				ENABLE_USER_SCRIPT_SANDBOXING = NO;
				GENERATE_INFOPLIST_FILE = YES;
				INFOPLIST_FILE = KliqLoanApp/Info.plist;
				INFOPLIST_KEY_UIApplicationSupportsIndirectInputEvents = YES;
				INFOPLIST_KEY_UILaunchStoryboardName = LaunchScreen;
				INFOPLIST_KEY_UIMainStoryboardFile = "";
				INFOPLIST_KEY_UISupportedInterfaceOrientations_iPad = "UIInterfaceOrientationPortrait UIInterfaceOrientationPortraitUpsideDown UIInterfaceOrientationLandscapeLeft UIInterfaceOrientationLandscapeRight";
				INFOPLIST_KEY_UISupportedInterfaceOrientations_iPhone = "UIInterfaceOrientationPortrait UIInterfaceOrientationLandscapeLeft UIInterfaceOrientationLandscapeRight";
				IPHONEOS_DEPLOYMENT_TARGET = 17.6;
				LD_RUNPATH_SEARCH_PATHS = (
					"$(inherited)",
					"@executable_path/Frameworks",
				);
				MARKETING_VERSION = 1.0;
				PRODUCT_BUNDLE_IDENTIFIER = com.cagatayegilmez.KliqLoanApp;
				PRODUCT_NAME = "$(TARGET_NAME)";
				STRING_CATALOG_GENERATE_SYMBOLS = YES;
				SUPPORTED_PLATFORMS = "iphoneos iphonesimulator";
				SUPPORTS_MACCATALYST = NO;
				SUPPORTS_MAC_DESIGNED_FOR_IPHONE_IPAD = NO;
				SUPPORTS_XR_DESIGNED_FOR_IPHONE_IPAD = NO;
				SWIFT_APPROACHABLE_CONCURRENCY = YES;
				SWIFT_DEFAULT_ACTOR_ISOLATION = MainActor;
				SWIFT_EMIT_LOC_STRINGS = YES;
				SWIFT_UPCOMING_FEATURE_MEMBER_IMPORT_VISIBILITY = YES;
				SWIFT_VERSION = 5.0;
				TARGETED_DEVICE_FAMILY = "1,2";
			};
			name = Debug;
		};
		526687723000D126004F17E5 /* Release configuration for PBXNativeTarget "KliqLoanApp" */ = {
			isa = XCBuildConfiguration;
			buildSettings = {
				ASSETCATALOG_COMPILER_APPICON_NAME = AppIcon;
				ASSETCATALOG_COMPILER_GLOBAL_ACCENT_COLOR_NAME = AccentColor;
				CODE_SIGN_STYLE = Automatic;
				CURRENT_PROJECT_VERSION = 1;
				DEVELOPMENT_TEAM = QX735LV746;
				ENABLE_USER_SCRIPT_SANDBOXING = NO;
				GENERATE_INFOPLIST_FILE = YES;
				INFOPLIST_FILE = KliqLoanApp/Info.plist;
				INFOPLIST_KEY_UIApplicationSupportsIndirectInputEvents = YES;
				INFOPLIST_KEY_UILaunchStoryboardName = LaunchScreen;
				INFOPLIST_KEY_UIMainStoryboardFile = "";
				INFOPLIST_KEY_UISupportedInterfaceOrientations_iPad = "UIInterfaceOrientationPortrait UIInterfaceOrientationPortraitUpsideDown UIInterfaceOrientationLandscapeLeft UIInterfaceOrientationLandscapeRight";
				INFOPLIST_KEY_UISupportedInterfaceOrientations_iPhone = "UIInterfaceOrientationPortrait UIInterfaceOrientationLandscapeLeft UIInterfaceOrientationLandscapeRight";
				IPHONEOS_DEPLOYMENT_TARGET = 17.6;
				LD_RUNPATH_SEARCH_PATHS = (
					"$(inherited)",
					"@executable_path/Frameworks",
				);
				MARKETING_VERSION = 1.0;
				PRODUCT_BUNDLE_IDENTIFIER = com.cagatayegilmez.KliqLoanApp;
				PRODUCT_NAME = "$(TARGET_NAME)";
				STRING_CATALOG_GENERATE_SYMBOLS = YES;
				SUPPORTED_PLATFORMS = "iphoneos iphonesimulator";
				SUPPORTS_MACCATALYST = NO;
				SUPPORTS_MAC_DESIGNED_FOR_IPHONE_IPAD = NO;
				SUPPORTS_XR_DESIGNED_FOR_IPHONE_IPAD = NO;
				SWIFT_APPROACHABLE_CONCURRENCY = YES;
				SWIFT_DEFAULT_ACTOR_ISOLATION = MainActor;
				SWIFT_EMIT_LOC_STRINGS = YES;
				SWIFT_UPCOMING_FEATURE_MEMBER_IMPORT_VISIBILITY = YES;
				SWIFT_VERSION = 5.0;
				TARGETED_DEVICE_FAMILY = "1,2";
			};
			name = Release;
		};
		526687733000D126004F17E5 /* Debug configuration for PBXProject "KliqLoanApp" */ = {
			isa = XCBuildConfiguration;
			buildSettings = {
				ALWAYS_SEARCH_USER_PATHS = NO;
				ASSETCATALOG_COMPILER_GENERATE_SWIFT_ASSET_SYMBOL_EXTENSIONS = YES;
				CLANG_ANALYZER_NONNULL = YES;
				CLANG_ANALYZER_NUMBER_OBJECT_CONVERSION = YES_AGGRESSIVE;
				CLANG_CXX_LANGUAGE_STANDARD = "gnu++20";
				CLANG_ENABLE_MODULES = YES;
				CLANG_ENABLE_OBJC_ARC = YES;
				CLANG_ENABLE_OBJC_WEAK = YES;
				CLANG_WARN_BLOCK_CAPTURE_AUTORELEASING = YES;
				CLANG_WARN_BOOL_CONVERSION = YES;
				CLANG_WARN_COMMA = YES;
				CLANG_WARN_CONSTANT_CONVERSION = YES;
				CLANG_WARN_DEPRECATED_OBJC_IMPLEMENTATIONS = YES;
				CLANG_WARN_DIRECT_OBJC_ISA_USAGE = YES_ERROR;
				CLANG_WARN_DOCUMENTATION_COMMENTS = YES;
				CLANG_WARN_EMPTY_BODY = YES;
				CLANG_WARN_ENUM_CONVERSION = YES;
				CLANG_WARN_INFINITE_RECURSION = YES;
				CLANG_WARN_INT_CONVERSION = YES;
				CLANG_WARN_NON_LITERAL_NULL_CONVERSION = YES;
				CLANG_WARN_OBJC_IMPLICIT_RETAIN_SELF = YES;
				CLANG_WARN_OBJC_LITERAL_CONVERSION = YES;
				CLANG_WARN_OBJC_ROOT_CLASS = YES_ERROR;
				CLANG_WARN_QUOTED_INCLUDE_IN_FRAMEWORK_HEADER = YES;
				CLANG_WARN_RANGE_LOOP_ANALYSIS = YES;
				CLANG_WARN_STRICT_PROTOTYPES = YES;
				CLANG_WARN_SUSPICIOUS_MOVE = YES;
				CLANG_WARN_UNGUARDED_AVAILABILITY = YES_AGGRESSIVE;
				CLANG_WARN_UNREACHABLE_CODE = YES;
				CLANG_WARN__DUPLICATE_METHOD_MATCH = YES;
				COPY_PHASE_STRIP = NO;
				DEBUG_INFORMATION_FORMAT = dwarf;
				DEVELOPMENT_TEAM = QX735LV746;
				ENABLE_STRICT_OBJC_MSGSEND = YES;
				ENABLE_TESTABILITY = YES;
				ENABLE_USER_SCRIPT_SANDBOXING = YES;
				GCC_C_LANGUAGE_STANDARD = gnu17;
				GCC_DYNAMIC_NO_PIC = NO;
				GCC_NO_COMMON_BLOCKS = YES;
				GCC_OPTIMIZATION_LEVEL = 0;
				GCC_PREPROCESSOR_DEFINITIONS = (
					"DEBUG=1",
					"$(inherited)",
				);
				GCC_WARN_64_TO_32_BIT_CONVERSION = YES;
				GCC_WARN_ABOUT_RETURN_TYPE = YES_ERROR;
				GCC_WARN_UNDECLARED_SELECTOR = YES;
				GCC_WARN_UNINITIALIZED_AUTOS = YES_AGGRESSIVE;
				GCC_WARN_UNUSED_FUNCTION = YES;
				GCC_WARN_UNUSED_VARIABLE = YES;
				IPHONEOS_DEPLOYMENT_TARGET = 27.0;
				LOCALIZATION_PREFERS_STRING_CATALOGS = YES;
				MTL_ENABLE_DEBUG_INFO = INCLUDE_SOURCE;
				MTL_FAST_MATH = YES;
				ONLY_ACTIVE_ARCH = YES;
				SDKROOT = iphoneos;
				SWIFT_ACTIVE_COMPILATION_CONDITIONS = "DEBUG $(inherited)";
				SWIFT_OPTIMIZATION_LEVEL = "-Onone";
			};
			name = Debug;
		};
		526687743000D126004F17E5 /* Release configuration for PBXProject "KliqLoanApp" */ = {
			isa = XCBuildConfiguration;
			buildSettings = {
				ALWAYS_SEARCH_USER_PATHS = NO;
				ASSETCATALOG_COMPILER_GENERATE_SWIFT_ASSET_SYMBOL_EXTENSIONS = YES;
				CLANG_ANALYZER_NONNULL = YES;
				CLANG_ANALYZER_NUMBER_OBJECT_CONVERSION = YES_AGGRESSIVE;
				CLANG_CXX_LANGUAGE_STANDARD = "gnu++20";
				CLANG_ENABLE_MODULES = YES;
				CLANG_ENABLE_OBJC_ARC = YES;
				CLANG_ENABLE_OBJC_WEAK = YES;
				CLANG_WARN_BLOCK_CAPTURE_AUTORELEASING = YES;
				CLANG_WARN_BOOL_CONVERSION = YES;
				CLANG_WARN_COMMA = YES;
				CLANG_WARN_CONSTANT_CONVERSION = YES;
				CLANG_WARN_DEPRECATED_OBJC_IMPLEMENTATIONS = YES;
				CLANG_WARN_DIRECT_OBJC_ISA_USAGE = YES_ERROR;
				CLANG_WARN_DOCUMENTATION_COMMENTS = YES;
				CLANG_WARN_EMPTY_BODY = YES;
				CLANG_WARN_ENUM_CONVERSION = YES;
				CLANG_WARN_INFINITE_RECURSION = YES;
				CLANG_WARN_INT_CONVERSION = YES;
				CLANG_WARN_NON_LITERAL_NULL_CONVERSION = YES;
				CLANG_WARN_OBJC_IMPLICIT_RETAIN_SELF = YES;
				CLANG_WARN_OBJC_LITERAL_CONVERSION = YES;
				CLANG_WARN_OBJC_ROOT_CLASS = YES_ERROR;
				CLANG_WARN_QUOTED_INCLUDE_IN_FRAMEWORK_HEADER = YES;
				CLANG_WARN_RANGE_LOOP_ANALYSIS = YES;
				CLANG_WARN_STRICT_PROTOTYPES = YES;
				CLANG_WARN_SUSPICIOUS_MOVE = YES;
				CLANG_WARN_UNGUARDED_AVAILABILITY = YES_AGGRESSIVE;
				CLANG_WARN_UNREACHABLE_CODE = YES;
				CLANG_WARN__DUPLICATE_METHOD_MATCH = YES;
				COPY_PHASE_STRIP = NO;
				DEBUG_INFORMATION_FORMAT = "dwarf-with-dsym";
				DEVELOPMENT_TEAM = QX735LV746;
				ENABLE_NS_ASSERTIONS = NO;
				ENABLE_STRICT_OBJC_MSGSEND = YES;
				ENABLE_USER_SCRIPT_SANDBOXING = YES;
				GCC_C_LANGUAGE_STANDARD = gnu17;
				GCC_NO_COMMON_BLOCKS = YES;
				GCC_WARN_64_TO_32_BIT_CONVERSION = YES;
				GCC_WARN_ABOUT_RETURN_TYPE = YES_ERROR;
				GCC_WARN_UNDECLARED_SELECTOR = YES;
				GCC_WARN_UNINITIALIZED_AUTOS = YES_AGGRESSIVE;
				GCC_WARN_UNUSED_FUNCTION = YES;
				GCC_WARN_UNUSED_VARIABLE = YES;
				IPHONEOS_DEPLOYMENT_TARGET = 27.0;
				LOCALIZATION_PREFERS_STRING_CATALOGS = YES;
				MTL_ENABLE_DEBUG_INFO = NO;
				MTL_FAST_MATH = YES;
				SDKROOT = iphoneos;
				SWIFT_COMPILATION_MODE = wholemodule;
				VALIDATE_PRODUCT = YES;
			};
			name = Release;
		};
		526687763000D126004F17E5 /* Debug configuration for PBXNativeTarget "KliqLoanAppTests" */ = {
			isa = XCBuildConfiguration;
			buildSettings = {
				BUNDLE_LOADER = "$(TEST_HOST)";
				CODE_SIGN_STYLE = Automatic;
				CURRENT_PROJECT_VERSION = 1;
				DEVELOPMENT_TEAM = QX735LV746;
				GENERATE_INFOPLIST_FILE = YES;
				IPHONEOS_DEPLOYMENT_TARGET = 27.0;
				MARKETING_VERSION = 1.0;
				PRODUCT_BUNDLE_IDENTIFIER = com.cagatayegilmez.KliqLoanAppTests;
				PRODUCT_NAME = "$(TARGET_NAME)";
				STRING_CATALOG_GENERATE_SYMBOLS = NO;
				SWIFT_APPROACHABLE_CONCURRENCY = YES;
				SWIFT_EMIT_LOC_STRINGS = NO;
				SWIFT_UPCOMING_FEATURE_MEMBER_IMPORT_VISIBILITY = YES;
				SWIFT_VERSION = 5.0;
				TARGETED_DEVICE_FAMILY = "1,2";
				TEST_HOST = "$(BUILT_PRODUCTS_DIR)/KliqLoanApp.app/$(BUNDLE_EXECUTABLE_FOLDER_PATH)/KliqLoanApp";
			};
			name = Debug;
		};
		526687773000D126004F17E5 /* Release configuration for PBXNativeTarget "KliqLoanAppTests" */ = {
			isa = XCBuildConfiguration;
			buildSettings = {
				BUNDLE_LOADER = "$(TEST_HOST)";
				CODE_SIGN_STYLE = Automatic;
				CURRENT_PROJECT_VERSION = 1;
				DEVELOPMENT_TEAM = QX735LV746;
				GENERATE_INFOPLIST_FILE = YES;
				IPHONEOS_DEPLOYMENT_TARGET = 27.0;
				MARKETING_VERSION = 1.0;
				PRODUCT_BUNDLE_IDENTIFIER = com.cagatayegilmez.KliqLoanAppTests;
				PRODUCT_NAME = "$(TARGET_NAME)";
				STRING_CATALOG_GENERATE_SYMBOLS = NO;
				SWIFT_APPROACHABLE_CONCURRENCY = YES;
				SWIFT_EMIT_LOC_STRINGS = NO;
				SWIFT_UPCOMING_FEATURE_MEMBER_IMPORT_VISIBILITY = YES;
				SWIFT_VERSION = 5.0;
				TARGETED_DEVICE_FAMILY = "1,2";
				TEST_HOST = "$(BUILT_PRODUCTS_DIR)/KliqLoanApp.app/$(BUNDLE_EXECUTABLE_FOLDER_PATH)/KliqLoanApp";
			};
			name = Release;
		};
		526687793000D126004F17E5 /* Debug configuration for PBXNativeTarget "KliqLoanAppUITests" */ = {
			isa = XCBuildConfiguration;
			buildSettings = {
				CODE_SIGN_STYLE = Automatic;
				CURRENT_PROJECT_VERSION = 1;
				DEVELOPMENT_TEAM = QX735LV746;
				GENERATE_INFOPLIST_FILE = YES;
				MARKETING_VERSION = 1.0;
				PRODUCT_BUNDLE_IDENTIFIER = com.cagatayegilmez.KliqLoanAppUITests;
				PRODUCT_NAME = "$(TARGET_NAME)";
				STRING_CATALOG_GENERATE_SYMBOLS = NO;
				SWIFT_APPROACHABLE_CONCURRENCY = YES;
				SWIFT_EMIT_LOC_STRINGS = NO;
				SWIFT_UPCOMING_FEATURE_MEMBER_IMPORT_VISIBILITY = YES;
				SWIFT_VERSION = 5.0;
				TARGETED_DEVICE_FAMILY = "1,2";
				TEST_TARGET_NAME = KliqLoanApp;
			};
			name = Debug;
		};
		5266877A3000D126004F17E5 /* Release configuration for PBXNativeTarget "KliqLoanAppUITests" */ = {
			isa = XCBuildConfiguration;
			buildSettings = {
				CODE_SIGN_STYLE = Automatic;
				CURRENT_PROJECT_VERSION = 1;
				DEVELOPMENT_TEAM = QX735LV746;
				GENERATE_INFOPLIST_FILE = YES;
				MARKETING_VERSION = 1.0;
				PRODUCT_BUNDLE_IDENTIFIER = com.cagatayegilmez.KliqLoanAppUITests;
				PRODUCT_NAME = "$(TARGET_NAME)";
				STRING_CATALOG_GENERATE_SYMBOLS = NO;
				SWIFT_APPROACHABLE_CONCURRENCY = YES;
				SWIFT_EMIT_LOC_STRINGS = NO;
				SWIFT_UPCOMING_FEATURE_MEMBER_IMPORT_VISIBILITY = YES;
				SWIFT_VERSION = 5.0;
				TARGETED_DEVICE_FAMILY = "1,2";
				TEST_TARGET_NAME = KliqLoanApp;
			};
			name = Release;
		};
/* End XCBuildConfiguration section */

/* Begin XCConfigurationList section */
		526687443000D125004F17E5 /* Build configuration list for PBXProject "KliqLoanApp" */ = {
			isa = XCConfigurationList;
			buildConfigurations = (
				526687733000D126004F17E5 /* Debug configuration for PBXProject "KliqLoanApp" */,
				526687743000D126004F17E5 /* Release configuration for PBXProject "KliqLoanApp" */,
			);
			defaultConfigurationName = Release;
		};
		526687703000D126004F17E5 /* Build configuration list for PBXNativeTarget "KliqLoanApp" */ = {
			isa = XCConfigurationList;
			buildConfigurations = (
				526687713000D126004F17E5 /* Debug configuration for PBXNativeTarget "KliqLoanApp" */,
				526687723000D126004F17E5 /* Release configuration for PBXNativeTarget "KliqLoanApp" */,
			);
			defaultConfigurationName = Release;
		};
		526687753000D126004F17E5 /* Build configuration list for PBXNativeTarget "KliqLoanAppTests" */ = {
			isa = XCConfigurationList;
			buildConfigurations = (
				526687763000D126004F17E5 /* Debug configuration for PBXNativeTarget "KliqLoanAppTests" */,
				526687773000D126004F17E5 /* Release configuration for PBXNativeTarget "KliqLoanAppTests" */,
			);
			defaultConfigurationName = Release;
		};
		526687783000D126004F17E5 /* Build configuration list for PBXNativeTarget "KliqLoanAppUITests" */ = {
			isa = XCConfigurationList;
			buildConfigurations = (
				526687793000D126004F17E5 /* Debug configuration for PBXNativeTarget "KliqLoanAppUITests" */,
				5266877A3000D126004F17E5 /* Release configuration for PBXNativeTarget "KliqLoanAppUITests" */,
			);
			defaultConfigurationName = Release;
		};
/* End XCConfigurationList section */
	};
	rootObject = 526687413000D125004F17E5 /* Project object */;
	validationLevel = 1;
}
